
Microsoft Visual Studio Solution File, Format Version 12.00
# Visual Studio Version 16
VisualStudioVersion = 25.0.1706.0
MinimumVisualStudioVersion = 10.0.40219.1
Project("{FAE04EC0-301F-11D3-BF4B-00C04F79EFBC}") = "DependencyInjectionDemo", "DependencyInjectionDemo\DependencyInjectionDemo.csproj", "{7FE19E56-D83C-4031-8E94-AE7782ACDDAA}"
EndProject
Global
	GlobalSection(SolutionConfigurationPlatforms) = preSolution
		Debug|Any CPU = Debug|Any CPU
		Release|Any CPU = Release|Any CPU
	EndGlobalSection
	GlobalSection(ProjectConfigurationPlatforms) = postSolution
		{7FE19E56-D83C-4031-8E94-AE7782ACDDAA}.Debug|Any CPU.ActiveCfg = Debug|Any CPU
		{7FE19E56-D83C-4031-8E94-AE7782ACDDAA}.Debug|Any CPU.Build.0 = Debug|Any CPU
		{7FE19E56-D83C-4031-8E94-AE7782ACDDAA}.Release|Any CPU.ActiveCfg = Release|Any CPU
		{7FE19E56-D83C-4031-8E94-AE7782ACDDAA}.Release|Any CPU.Build.0 = Release|Any CPU
	EndGlobalSection
	GlobalSection(SolutionProperties) = preSolution
		HideSolutionNode = FALSE
	EndGlobalSection
	GlobalSection(ExtensibilityGlobals) = postSolution
		SolutionGuid = {7804E4AF-401A-480B-8C0A-D37B0251A0BE}
	EndGlobalSection
EndGlobal
