
Microsoft Visual Studio Solution File, Format Version 12.00
# Visual Studio Version 16
VisualStudioVersion = 25.0.1705.0
MinimumVisualStudioVersion = 10.0.40219.1
Project("{FAE04EC0-301F-11D3-BF4B-00C04F79EFBC}") = "PWADemo.Server", "PWADemo\Server\PWADemo.Server.csproj", "{835D8856-DED2-4411-87AB-B36330911D01}"
EndProject
Project("{FAE04EC0-301F-11D3-BF4B-00C04F79EFBC}") = "PWADemo.Client", "PWADemo\Client\PWADemo.Client.csproj", "{0AA3B056-233E-4D7A-9757-AA9E43C714E6}"
EndProject
Project("{FAE04EC0-301F-11D3-BF4B-00C04F79EFBC}") = "PWADemo.Shared", "PWADemo\Shared\PWADemo.Shared.csproj", "{2B1146EF-E34F-4E0A-BC5F-8137F8D75A13}"
EndProject
Global
	GlobalSection(SolutionConfigurationPlatforms) = preSolution
		Debug|Any CPU = Debug|Any CPU
		Release|Any CPU = Release|Any CPU
	EndGlobalSection
	GlobalSection(ProjectConfigurationPlatforms) = postSolution
		{835D8856-DED2-4411-87AB-B36330911D01}.Debug|Any CPU.ActiveCfg = Debug|Any CPU
		{835D8856-DED2-4411-87AB-B36330911D01}.Debug|Any CPU.Build.0 = Debug|Any CPU
		{835D8856-DED2-4411-87AB-B36330911D01}.Release|Any CPU.ActiveCfg = Release|Any CPU
		{835D8856-DED2-4411-87AB-B36330911D01}.Release|Any CPU.Build.0 = Release|Any CPU
		{0AA3B056-233E-4D7A-9757-AA9E43C714E6}.Debug|Any CPU.ActiveCfg = Debug|Any CPU
		{0AA3B056-233E-4D7A-9757-AA9E43C714E6}.Debug|Any CPU.Build.0 = Debug|Any CPU
		{0AA3B056-233E-4D7A-9757-AA9E43C714E6}.Release|Any CPU.ActiveCfg = Release|Any CPU
		{0AA3B056-233E-4D7A-9757-AA9E43C714E6}.Release|Any CPU.Build.0 = Release|Any CPU
		{2B1146EF-E34F-4E0A-BC5F-8137F8D75A13}.Debug|Any CPU.ActiveCfg = Debug|Any CPU
		{2B1146EF-E34F-4E0A-BC5F-8137F8D75A13}.Debug|Any CPU.Build.0 = Debug|Any CPU
		{2B1146EF-E34F-4E0A-BC5F-8137F8D75A13}.Release|Any CPU.ActiveCfg = Release|Any CPU
		{2B1146EF-E34F-4E0A-BC5F-8137F8D75A13}.Release|Any CPU.Build.0 = Release|Any CPU
	EndGlobalSection
	GlobalSection(SolutionProperties) = preSolution
		HideSolutionNode = FALSE
	EndGlobalSection
	GlobalSection(ExtensibilityGlobals) = postSolution
		SolutionGuid = {41CD2CE2-F6AB-44F7-A646-FCBCE9EC942C}
	EndGlobalSection
EndGlobal
