
Microsoft Visual Studio Solution File, Format Version 12.00
# Visual Studio Version 17
VisualStudioVersion = 17.5.33424.131
MinimumVisualStudioVersion = 10.0.40219.1
Project("{FAE04EC0-301F-11D3-BF4B-00C04F79EFBC}") = "SuperHeroAPI", "SuperHeroAPI\SuperHeroAPI.csproj", "{1C161325-0BF7-462C-8625-1B0FA1741549}"
EndProject
Global
	GlobalSection(SolutionConfigurationPlatforms) = preSolution
		Debug|Any CPU = Debug|Any CPU
		Release|Any CPU = Release|Any CPU
	EndGlobalSection
	GlobalSection(ProjectConfigurationPlatforms) = postSolution
		{1C161325-0BF7-462C-8625-1B0FA1741549}.Debug|Any CPU.ActiveCfg = Debug|Any CPU
		{1C161325-0BF7-462C-8625-1B0FA1741549}.Debug|Any CPU.Build.0 = Debug|Any CPU
		{1C161325-0BF7-462C-8625-1B0FA1741549}.Release|Any CPU.ActiveCfg = Release|Any CPU
		{1C161325-0BF7-462C-8625-1B0FA1741549}.Release|Any CPU.Build.0 = Release|Any CPU
	EndGlobalSection
	GlobalSection(SolutionProperties) = preSolution
		HideSolutionNode = FALSE
	EndGlobalSection
	GlobalSection(ExtensibilityGlobals) = postSolution
		SolutionGuid = {9AAE0D8A-9F8E-4331-88E9-EB4D5D26D062}
	EndGlobalSection
EndGlobal
