
Microsoft Visual Studio Solution File, Format Version 12.00
# Visual Studio Version 16
VisualStudioVersion = 25.0.1706.0
MinimumVisualStudioVersion = 10.0.40219.1
Project("{FAE04EC0-301F-11D3-BF4B-00C04F79EFBC}") = "WebAPIAuthorizationDemo", "WebAPIAuthorizationDemo\WebAPIAuthorizationDemo.csproj", "{DB4B3164-296B-494E-9339-65A0704B3868}"
EndProject
Global
	GlobalSection(SolutionConfigurationPlatforms) = preSolution
		Debug|Any CPU = Debug|Any CPU
		Release|Any CPU = Release|Any CPU
	EndGlobalSection
	GlobalSection(ProjectConfigurationPlatforms) = postSolution
		{DB4B3164-296B-494E-9339-65A0704B3868}.Debug|Any CPU.ActiveCfg = Debug|Any CPU
		{DB4B3164-296B-494E-9339-65A0704B3868}.Debug|Any CPU.Build.0 = Debug|Any CPU
		{DB4B3164-296B-494E-9339-65A0704B3868}.Release|Any CPU.ActiveCfg = Release|Any CPU
		{DB4B3164-296B-494E-9339-65A0704B3868}.Release|Any CPU.Build.0 = Release|Any CPU
	EndGlobalSection
	GlobalSection(SolutionProperties) = preSolution
		HideSolutionNode = FALSE
	EndGlobalSection
	GlobalSection(ExtensibilityGlobals) = postSolution
		SolutionGuid = {C443F93A-7150-491E-BCFF-CD8F4A8CA740}
	EndGlobalSection
EndGlobal
